
Microsoft Visual Studio Solution File, Format Version 12.00
# Visual Studio Version 17
VisualStudioVersion = 17.11.35327.3
MinimumVisualStudioVersion = 10.0.40219.1
Project("{FAE04EC0-301F-11D3-BF4B-00C04F79EFBC}") = "Biyoproje_arayuz", "Biyoproje_arayuz\Biyoproje_arayuz.csproj", "{1E43E145-774D-463B-8B71-837E329A9B6B}"
EndProject
Global
	GlobalSection(SolutionConfigurationPlatforms) = preSolution
		Debug|Any CPU = Debug|Any CPU
		Release|Any CPU = Release|Any CPU
	EndGlobalSection
	GlobalSection(ProjectConfigurationPlatforms) = postSolution
		{1E43E145-774D-463B-8B71-837E329A9B6B}.Debug|Any CPU.ActiveCfg = Debug|Any CPU
		{1E43E145-774D-463B-8B71-837E329A9B6B}.Debug|Any CPU.Build.0 = Debug|Any CPU
		{1E43E145-774D-463B-8B71-837E329A9B6B}.Release|Any CPU.ActiveCfg = Release|Any CPU
		{1E43E145-774D-463B-8B71-837E329A9B6B}.Release|Any CPU.Build.0 = Release|Any CPU
	EndGlobalSection
	GlobalSection(SolutionProperties) = preSolution
		HideSolutionNode = FALSE
	EndGlobalSection
	GlobalSection(ExtensibilityGlobals) = postSolution
		SolutionGuid = {6CBCBA61-D8EB-41A6-BA93-4AB7CC65A2D9}
	EndGlobalSection
EndGlobal
